{
    "version": 3,
    "terraform_version": "0.11.11",
    "serial": 4,
    "lineage": "85e077cc-c727-ce7d-b8f0-b0dfc18e9261",
    "modules": [
        {
            "path": [
                "root"
            ],
            "outputs": {},
            "resources": {
                "data.openstack_compute_flavor_v2.flavor": {
                    "type": "openstack_compute_flavor_v2",
                    "depends_on": [],
                    "primary": {
                        "id": "fab85dd4-37e0-481e-9748-12cadad5bbae",
                        "attributes": {
                            "disk": "0",
                            "extra_specs.%": "2",
                            "extra_specs.quota:vif_inbound_average": "12500",
                            "extra_specs.quota:vif_outbound_average": "12500",
                            "flavor_id": "fab85dd4-37e0-481e-9748-12cadad5bbae",
                            "id": "fab85dd4-37e0-481e-9748-12cadad5bbae",
                            "is_public": "true",
                            "name": "VPS-1CPU-1024MiB-12500kB",
                            "ram": "1024",
                            "rx_tx_factor": "1",
                            "swap": "0",
                            "vcpus": "1"
                        },
                        "meta": {},
                        "tainted": false
                    },
                    "deposed": [],
                    "provider": "provider.openstack"
                },
                "data.openstack_images_image_v2.image": {
                    "type": "openstack_images_image_v2",
                    "depends_on": [],
                    "primary": {
                        "id": "6690a3c7-d7bc-4535-89e6-9bb987df42c2",
                        "attributes": {
                            "checksum": "443b7623e27ecf03dc9e01ee93f67afe",
                            "container_format": "bare",
                            "created_at": "2018-02-19T11:39:23Z",
                            "disk_format": "qcow2",
                            "file": "/v2/images/6690a3c7-d7bc-4535-89e6-9bb987df42c2/file",
                            "id": "6690a3c7-d7bc-4535-89e6-9bb987df42c2",
                            "metadata.%": "0",
                            "min_disk_gb": "1",
                            "min_ram_mb": "256",
                            "most_recent": "false",
                            "name": "cirros-0.4.0",
                            "owner": "b733806a91f947ff97103e30b1deee16",
                            "protected": "false",
                            "schema": "/v2/schemas/image",
                            "size_bytes": "12716032",
                            "sort_direction": "asc",
                            "sort_key": "name",
                            "tags.#": "0",
                            "updated_at": "2018-02-19T11:39:23Z",
                            "visibility": "public"
                        },
                        "meta": {},
                        "tainted": false
                    },
                    "deposed": [],
                    "provider": "provider.openstack"
                },
                "data.openstack_networking_network_v2.network": {
                    "type": "openstack_networking_network_v2",
                    "depends_on": [],
                    "primary": {
                        "id": "ad2da125-5752-4051-9ed6-faebba9adcb1",
                        "attributes": {
                            "admin_state_up": "true",
                            "all_tags.#": "1",
                            "all_tags.3453394035": "managed",
                            "availability_zone_hints.#": "0",
                            "description": "",
                            "dns_domain": "",
                            "external": "true",
                            "id": "ad2da125-5752-4051-9ed6-faebba9adcb1",
                            "mtu": "1500",
                            "name": "provider-eq-04",
                            "region": "amsterdam-eq-1",
                            "shared": "true",
                            "tenant_id": "f73021be712845a4a0fbdd32c6775a0d",
                            "transparent_vlan": "false"
                        },
                        "meta": {},
                        "tainted": false
                    },
                    "deposed": [],
                    "provider": "provider.openstack"
                },
                "openstack_compute_instance_v2.backupserver": {
                    "type": "openstack_compute_instance_v2",
                    "depends_on": [
                        "data.openstack_compute_flavor_v2.flavor",
                        "data.openstack_images_image_v2.image",
                        "data.openstack_networking_network_v2.network",
                        "openstack_networking_secgroup_v2.ottw"
                    ],
                    "primary": {
                        "id": "f8756b62-13a5-4f91-a991-806c83d6b27b",
                        "attributes": {
                            "access_ip_v4": "185.95.15.22",
                            "access_ip_v6": "",
                            "all_metadata.%": "0",
                            "availability_zone": "AMS1",
                            "block_device.#": "1",
                            "block_device.0.boot_index": "0",
                            "block_device.0.delete_on_termination": "true",
                            "block_device.0.destination_type": "volume",
                            "block_device.0.device_type": "",
                            "block_device.0.disk_bus": "",
                            "block_device.0.guest_format": "",
                            "block_device.0.source_type": "image",
                            "block_device.0.uuid": "6690a3c7-d7bc-4535-89e6-9bb987df42c2",
                            "block_device.0.volume_size": "5",
                            "flavor_id": "fab85dd4-37e0-481e-9748-12cadad5bbae",
                            "flavor_name": "VPS-1CPU-1024MiB-12500kB",
                            "force_delete": "false",
                            "id": "f8756b62-13a5-4f91-a991-806c83d6b27b",
                            "image_id": "Attempt to boot from volume - no image supplied",
                            "name": "backupserver01.backupserver",
                            "network.#": "1",
                            "network.0.access_network": "false",
                            "network.0.fixed_ip_v4": "185.95.15.22",
                            "network.0.fixed_ip_v6": "",
                            "network.0.floating_ip": "",
                            "network.0.mac": "fa:16:3e:bb:73:fb",
                            "network.0.name": "provider-eq-04",
                            "network.0.port": "",
                            "network.0.uuid": "ad2da125-5752-4051-9ed6-faebba9adcb1",
                            "power_state": "active",
                            "region": "amsterdam-eq-1",
                            "security_groups.#": "1",
                            "security_groups.498858061": "Private",
                            "stop_before_destroy": "false"
                        },
                        "meta": {
                            "e2bfb730-ecaa-11e6-8f88-34363bc7c4c0": {
                                "create": 1800000000000,
                                "delete": 1800000000000,
                                "update": 1800000000000
                            }
                        },
                        "tainted": false
                    },
                    "deposed": [],
                    "provider": "provider.openstack"
                },
                "openstack_compute_instance_v2.backupserver2": {
                    "type": "openstack_compute_instance_v2",
                    "depends_on": [
                        "data.openstack_compute_flavor_v2.flavor",
                        "data.openstack_images_image_v2.image",
                        "data.openstack_networking_network_v2.network",
                        "openstack_networking_secgroup_v2.ottw"
                    ],
                    "primary": {
                        "id": "a9d36cb6-3158-4019-a338-815039146a68",
                        "attributes": {
                            "access_ip_v4": "185.95.15.3",
                            "access_ip_v6": "",
                            "all_metadata.%": "0",
                            "availability_zone": "AMS1",
                            "block_device.#": "1",
                            "block_device.0.boot_index": "0",
                            "block_device.0.delete_on_termination": "true",
                            "block_device.0.destination_type": "volume",
                            "block_device.0.device_type": "",
                            "block_device.0.disk_bus": "",
                            "block_device.0.guest_format": "",
                            "block_device.0.source_type": "image",
                            "block_device.0.uuid": "6690a3c7-d7bc-4535-89e6-9bb987df42c2",
                            "block_device.0.volume_size": "5",
                            "flavor_id": "fab85dd4-37e0-481e-9748-12cadad5bbae",
                            "flavor_name": "VPS-1CPU-1024MiB-12500kB",
                            "force_delete": "false",
                            "id": "a9d36cb6-3158-4019-a338-815039146a68",
                            "image_id": "Attempt to boot from volume - no image supplied",
                            "name": "backupserver01.backupserver",
                            "network.#": "1",
                            "network.0.access_network": "false",
                            "network.0.fixed_ip_v4": "185.95.15.3",
                            "network.0.fixed_ip_v6": "",
                            "network.0.floating_ip": "",
                            "network.0.mac": "fa:16:3e:27:81:0d",
                            "network.0.name": "provider-eq-04",
                            "network.0.port": "",
                            "network.0.uuid": "ad2da125-5752-4051-9ed6-faebba9adcb1",
                            "power_state": "active",
                            "region": "amsterdam-eq-1",
                            "security_groups.#": "1",
                            "security_groups.498858061": "Private",
                            "stop_before_destroy": "false"
                        },
                        "meta": {
                            "e2bfb730-ecaa-11e6-8f88-34363bc7c4c0": {
                                "create": 1800000000000,
                                "delete": 1800000000000,
                                "update": 1800000000000
                            }
                        },
                        "tainted": false
                    },
                    "deposed": [],
                    "provider": "provider.openstack"
                },
                "openstack_compute_instance_v2.bastion": {
                    "type": "openstack_compute_instance_v2",
                    "depends_on": [
                        "data.openstack_compute_flavor_v2.flavor",
                        "data.openstack_images_image_v2.image",
                        "data.openstack_networking_network_v2.network",
                        "openstack_networking_secgroup_v2.ottw"
                    ],
                    "primary": {
                        "id": "77e4b4c0-8d79-4187-b3f5-29bd7a05dbc4",
                        "attributes": {
                            "access_ip_v4": "185.95.15.7",
                            "access_ip_v6": "",
                            "all_metadata.%": "0",
                            "availability_zone": "AMS1",
                            "block_device.#": "1",
                            "block_device.0.boot_index": "0",
                            "block_device.0.delete_on_termination": "true",
                            "block_device.0.destination_type": "volume",
                            "block_device.0.device_type": "",
                            "block_device.0.disk_bus": "",
                            "block_device.0.guest_format": "",
                            "block_device.0.source_type": "image",
                            "block_device.0.uuid": "6690a3c7-d7bc-4535-89e6-9bb987df42c2",
                            "block_device.0.volume_size": "5",
                            "flavor_id": "fab85dd4-37e0-481e-9748-12cadad5bbae",
                            "flavor_name": "VPS-1CPU-1024MiB-12500kB",
                            "force_delete": "false",
                            "id": "77e4b4c0-8d79-4187-b3f5-29bd7a05dbc4",
                            "image_id": "Attempt to boot from volume - no image supplied",
                            "name": "databaseserver01.bastion",
                            "network.#": "1",
                            "network.0.access_network": "false",
                            "network.0.fixed_ip_v4": "185.95.15.7",
                            "network.0.fixed_ip_v6": "",
                            "network.0.floating_ip": "",
                            "network.0.mac": "fa:16:3e:44:9a:cf",
                            "network.0.name": "provider-eq-04",
                            "network.0.port": "",
                            "network.0.uuid": "ad2da125-5752-4051-9ed6-faebba9adcb1",
                            "power_state": "active",
                            "region": "amsterdam-eq-1",
                            "security_groups.#": "1",
                            "security_groups.498858061": "Private",
                            "stop_before_destroy": "false"
                        },
                        "meta": {
                            "e2bfb730-ecaa-11e6-8f88-34363bc7c4c0": {
                                "create": 1800000000000,
                                "delete": 1800000000000,
                                "update": 1800000000000
                            }
                        },
                        "tainted": false
                    },
                    "deposed": [],
                    "provider": "provider.openstack"
                },
                "openstack_compute_instance_v2.databaseserver": {
                    "type": "openstack_compute_instance_v2",
                    "depends_on": [
                        "data.openstack_compute_flavor_v2.flavor",
                        "data.openstack_images_image_v2.image",
                        "data.openstack_networking_network_v2.network",
                        "openstack_networking_secgroup_v2.ottw"
                    ],
                    "primary": {
                        "id": "a6ea083a-732a-4b24-aba4-c703a25a0387",
                        "attributes": {
                            "access_ip_v4": "185.95.15.18",
                            "access_ip_v6": "",
                            "all_metadata.%": "0",
                            "availability_zone": "AMS1",
                            "block_device.#": "1",
                            "block_device.0.boot_index": "0",
                            "block_device.0.delete_on_termination": "true",
                            "block_device.0.destination_type": "volume",
                            "block_device.0.device_type": "",
                            "block_device.0.disk_bus": "",
                            "block_device.0.guest_format": "",
                            "block_device.0.source_type": "image",
                            "block_device.0.uuid": "6690a3c7-d7bc-4535-89e6-9bb987df42c2",
                            "block_device.0.volume_size": "5",
                            "flavor_id": "fab85dd4-37e0-481e-9748-12cadad5bbae",
                            "flavor_name": "VPS-1CPU-1024MiB-12500kB",
                            "force_delete": "false",
                            "id": "a6ea083a-732a-4b24-aba4-c703a25a0387",
                            "image_id": "Attempt to boot from volume - no image supplied",
                            "name": "databaseserver01.databaseserver",
                            "network.#": "1",
                            "network.0.access_network": "false",
                            "network.0.fixed_ip_v4": "185.95.15.18",
                            "network.0.fixed_ip_v6": "",
                            "network.0.floating_ip": "",
                            "network.0.mac": "fa:16:3e:ad:b8:7e",
                            "network.0.name": "provider-eq-04",
                            "network.0.port": "",
                            "network.0.uuid": "ad2da125-5752-4051-9ed6-faebba9adcb1",
                            "power_state": "active",
                            "region": "amsterdam-eq-1",
                            "security_groups.#": "1",
                            "security_groups.498858061": "Private",
                            "stop_before_destroy": "false"
                        },
                        "meta": {
                            "e2bfb730-ecaa-11e6-8f88-34363bc7c4c0": {
                                "create": 1800000000000,
                                "delete": 1800000000000,
                                "update": 1800000000000
                            }
                        },
                        "tainted": false
                    },
                    "deposed": [],
                    "provider": "provider.openstack"
                },
                "openstack_compute_instance_v2.webserver": {
                    "type": "openstack_compute_instance_v2",
                    "depends_on": [
                        "data.openstack_compute_flavor_v2.flavor",
                        "data.openstack_images_image_v2.image",
                        "data.openstack_networking_network_v2.network",
                        "openstack_networking_secgroup_v2.ottw"
                    ],
                    "primary": {
                        "id": "54922db6-35eb-4cdc-a6fb-95298874e875",
                        "attributes": {
                            "access_ip_v4": "185.95.15.21",
                            "access_ip_v6": "",
                            "all_metadata.%": "0",
                            "availability_zone": "AMS1",
                            "block_device.#": "1",
                            "block_device.0.boot_index": "0",
                            "block_device.0.delete_on_termination": "true",
                            "block_device.0.destination_type": "volume",
                            "block_device.0.device_type": "",
                            "block_device.0.disk_bus": "",
                            "block_device.0.guest_format": "",
                            "block_device.0.source_type": "image",
                            "block_device.0.uuid": "6690a3c7-d7bc-4535-89e6-9bb987df42c2",
                            "block_device.0.volume_size": "5",
                            "flavor_id": "fab85dd4-37e0-481e-9748-12cadad5bbae",
                            "flavor_name": "VPS-1CPU-1024MiB-12500kB",
                            "force_delete": "false",
                            "id": "54922db6-35eb-4cdc-a6fb-95298874e875",
                            "image_id": "Attempt to boot from volume - no image supplied",
                            "name": "webserver01.webserver",
                            "network.#": "1",
                            "network.0.access_network": "false",
                            "network.0.fixed_ip_v4": "185.95.15.21",
                            "network.0.fixed_ip_v6": "",
                            "network.0.floating_ip": "",
                            "network.0.mac": "fa:16:3e:53:a5:87",
                            "network.0.name": "provider-eq-04",
                            "network.0.port": "",
                            "network.0.uuid": "ad2da125-5752-4051-9ed6-faebba9adcb1",
                            "power_state": "active",
                            "region": "amsterdam-eq-1",
                            "security_groups.#": "1",
                            "security_groups.498858061": "Private",
                            "stop_before_destroy": "false"
                        },
                        "meta": {
                            "e2bfb730-ecaa-11e6-8f88-34363bc7c4c0": {
                                "create": 1800000000000,
                                "delete": 1800000000000,
                                "update": 1800000000000
                            }
                        },
                        "tainted": false
                    },
                    "deposed": [],
                    "provider": "provider.openstack"
                },
                "openstack_networking_secgroup_v2.ottw": {
                    "type": "openstack_networking_secgroup_v2",
                    "depends_on": [],
                    "primary": {
                        "id": "5fdc4f16-05c5-4007-90d3-0a694ff56f19",
                        "attributes": {
                            "all_tags.#": "0",
                            "description": "Default security group",
                            "id": "5fdc4f16-05c5-4007-90d3-0a694ff56f19",
                            "name": "Default",
                            "region": "amsterdam-eq-1",
                            "tags.#": "0",
                            "tenant_id": "2dc66b37cb2747b899e7cbd5aa07e701"
                        },
                        "meta": {
                            "e2bfb730-ecaa-11e6-8f88-34363bc7c4c0": {
                                "delete": 600000000000
                            }
                        },
                        "tainted": false
                    },
                    "deposed": [],
                    "provider": "provider.openstack"
                }
            },
            "depends_on": []
        }
    ]
}
